
Microsoft Visual Studio Solution File, Format Version 12.00
# Visual Studio 15
VisualStudioVersion = 15.0.27130.2027
MinimumVisualStudioVersion = 10.0.40219.1
Project("{FAE04EC0-301F-11D3-BF4B-00C04F79EFBC}") = "01-DanceHall", "01-DanceHall\01-DanceHall.csproj", "{78EF51F9-B63C-4DDE-8FC4-D7E1EED38DD4}"
EndProject
Project("{FAE04EC0-301F-11D3-BF4B-00C04F79EFBC}") = "02-Choreography", "02-Choreography\02-Choreography.csproj", "{A892D66F-0244-4734-9730-BD9D1DD96BE4}"
EndProject
Project("{FAE04EC0-301F-11D3-BF4B-00C04F79EFBC}") = "03-FinalCompetition", "03-FinalCompetition\03-FinalCompetition.csproj", "{F3E16B0F-DA4D-406F-9FF8-5765853558EB}"
EndProject
Project("{FAE04EC0-301F-11D3-BF4B-00C04F79EFBC}") = "04-EnergyLoss", "04-EnergyLoss\04-EnergyLoss.csproj", "{DB43F122-2CC6-437D-835B-914D7DEC103D}"
EndProject
Project("{FAE04EC0-301F-11D3-BF4B-00C04F79EFBC}") = "05-Cup", "05-Cup\05-Cup.csproj", "{47A6950E-52C4-4140-BD8C-384602CE5572}"
EndProject
Project("{FAE04EC0-301F-11D3-BF4B-00C04F79EFBC}") = "06-GroupName", "06-GroupName\06-GroupName.csproj", "{5B7D1C6A-E184-461D-9765-4B078E444558}"
EndProject
Global
	GlobalSection(SolutionConfigurationPlatforms) = preSolution
		Debug|Any CPU = Debug|Any CPU
		Release|Any CPU = Release|Any CPU
	EndGlobalSection
	GlobalSection(ProjectConfigurationPlatforms) = postSolution
		{78EF51F9-B63C-4DDE-8FC4-D7E1EED38DD4}.Debug|Any CPU.ActiveCfg = Debug|Any CPU
		{78EF51F9-B63C-4DDE-8FC4-D7E1EED38DD4}.Debug|Any CPU.Build.0 = Debug|Any CPU
		{78EF51F9-B63C-4DDE-8FC4-D7E1EED38DD4}.Release|Any CPU.ActiveCfg = Release|Any CPU
		{78EF51F9-B63C-4DDE-8FC4-D7E1EED38DD4}.Release|Any CPU.Build.0 = Release|Any CPU
		{A892D66F-0244-4734-9730-BD9D1DD96BE4}.Debug|Any CPU.ActiveCfg = Debug|Any CPU
		{A892D66F-0244-4734-9730-BD9D1DD96BE4}.Debug|Any CPU.Build.0 = Debug|Any CPU
		{A892D66F-0244-4734-9730-BD9D1DD96BE4}.Release|Any CPU.ActiveCfg = Release|Any CPU
		{A892D66F-0244-4734-9730-BD9D1DD96BE4}.Release|Any CPU.Build.0 = Release|Any CPU
		{F3E16B0F-DA4D-406F-9FF8-5765853558EB}.Debug|Any CPU.ActiveCfg = Debug|Any CPU
		{F3E16B0F-DA4D-406F-9FF8-5765853558EB}.Debug|Any CPU.Build.0 = Debug|Any CPU
		{F3E16B0F-DA4D-406F-9FF8-5765853558EB}.Release|Any CPU.ActiveCfg = Release|Any CPU
		{F3E16B0F-DA4D-406F-9FF8-5765853558EB}.Release|Any CPU.Build.0 = Release|Any CPU
		{DB43F122-2CC6-437D-835B-914D7DEC103D}.Debug|Any CPU.ActiveCfg = Debug|Any CPU
		{DB43F122-2CC6-437D-835B-914D7DEC103D}.Debug|Any CPU.Build.0 = Debug|Any CPU
		{DB43F122-2CC6-437D-835B-914D7DEC103D}.Release|Any CPU.ActiveCfg = Release|Any CPU
		{DB43F122-2CC6-437D-835B-914D7DEC103D}.Release|Any CPU.Build.0 = Release|Any CPU
		{47A6950E-52C4-4140-BD8C-384602CE5572}.Debug|Any CPU.ActiveCfg = Debug|Any CPU
		{47A6950E-52C4-4140-BD8C-384602CE5572}.Debug|Any CPU.Build.0 = Debug|Any CPU
		{47A6950E-52C4-4140-BD8C-384602CE5572}.Release|Any CPU.ActiveCfg = Release|Any CPU
		{47A6950E-52C4-4140-BD8C-384602CE5572}.Release|Any CPU.Build.0 = Release|Any CPU
		{5B7D1C6A-E184-461D-9765-4B078E444558}.Debug|Any CPU.ActiveCfg = Debug|Any CPU
		{5B7D1C6A-E184-461D-9765-4B078E444558}.Debug|Any CPU.Build.0 = Debug|Any CPU
		{5B7D1C6A-E184-461D-9765-4B078E444558}.Release|Any CPU.ActiveCfg = Release|Any CPU
		{5B7D1C6A-E184-461D-9765-4B078E444558}.Release|Any CPU.Build.0 = Release|Any CPU
	EndGlobalSection
	GlobalSection(SolutionProperties) = preSolution
		HideSolutionNode = FALSE
	EndGlobalSection
	GlobalSection(ExtensibilityGlobals) = postSolution
		SolutionGuid = {7F197F20-CD7E-4DC9-943C-80A70C70449A}
	EndGlobalSection
EndGlobal
