
Microsoft Visual Studio Solution File, Format Version 12.00
# Visual Studio 15
VisualStudioVersion = 15.0.27130.2027
MinimumVisualStudioVersion = 10.0.40219.1
Project("{FAE04EC0-301F-11D3-BF4B-00C04F79EFBC}") = "01-NumbersFromOneTo100", "01-NumbersFromOneTo100\01-NumbersFromOneTo100.csproj", "{71CA52B6-FF58-4A0E-91AD-3F74E0E86124}"
EndProject
Project("{FAE04EC0-301F-11D3-BF4B-00C04F79EFBC}") = "02-NumbersEndingInSeven", "02-NumbersEndingInSeven\02-NumbersEndingInSeven.csproj", "{54A7C0ED-3D37-4603-8383-D0EA43BEBC84}"
EndProject
Project("{FAE04EC0-301F-11D3-BF4B-00C04F79EFBC}") = "03-LatinLetters", "03-LatinLetters\03-LatinLetters.csproj", "{281F8C82-BE0C-4301-A3D5-EC18F8F26EDD}"
EndProject
Project("{FAE04EC0-301F-11D3-BF4B-00C04F79EFBC}") = "04-SumNumbers", "04-SumNumbers\04-SumNumbers.csproj", "{F5C8F1BF-4F48-475A-AC1D-1A4E947CD46E}"
EndProject
Project("{FAE04EC0-301F-11D3-BF4B-00C04F79EFBC}") = "05-MaxNumber", "05-MaxNumber\05-MaxNumber.csproj", "{2B231542-F5A9-4FC5-85F0-45A17D9ADF59}"
EndProject
Project("{FAE04EC0-301F-11D3-BF4B-00C04F79EFBC}") = "06-MinNumber", "06-MinNumber\06-MinNumber.csproj", "{8F0221B6-B18B-41C3-9BFC-4B5FC27D6DB3}"
EndProject
Project("{FAE04EC0-301F-11D3-BF4B-00C04F79EFBC}") = "07-LeftAndRightSum", "07-LeftAndRightSum\07-LeftAndRightSum.csproj", "{EF0821E4-FB33-44CF-BDC8-79DD1C8850F2}"
EndProject
Project("{FAE04EC0-301F-11D3-BF4B-00C04F79EFBC}") = "08-OddEvenSum", "08-OddEvenSum\08-OddEvenSum.csproj", "{0ED57E2B-5CAB-4E73-A4CD-AB6BDF195DEB}"
EndProject
Project("{FAE04EC0-301F-11D3-BF4B-00C04F79EFBC}") = "09-VowelsSum", "09-VowelsSum\09-VowelsSum.csproj", "{72452773-91A9-45D8-AFE0-5A3F60E690FC}"
EndProject
Project("{FAE04EC0-301F-11D3-BF4B-00C04F79EFBC}") = "10-HalfSumElement", "10-HalfSumElement\10-HalfSumElement.csproj", "{21E6EFED-6C08-4FE6-838A-248CBBD9E279}"
EndProject
Project("{FAE04EC0-301F-11D3-BF4B-00C04F79EFBC}") = "11-OddEvenPosition", "11-OddEvenPosition\11-OddEvenPosition.csproj", "{A811ED5E-93E1-4291-9009-0D9F67FCDD07}"
EndProject
Project("{FAE04EC0-301F-11D3-BF4B-00C04F79EFBC}") = "12-EqualPairs", "12-EqualPairs\12-EqualPairs.csproj", "{912DEC9A-3266-4F6D-9857-290C19183747}"
EndProject
Global
	GlobalSection(SolutionConfigurationPlatforms) = preSolution
		Debug|Any CPU = Debug|Any CPU
		Release|Any CPU = Release|Any CPU
	EndGlobalSection
	GlobalSection(ProjectConfigurationPlatforms) = postSolution
		{71CA52B6-FF58-4A0E-91AD-3F74E0E86124}.Debug|Any CPU.ActiveCfg = Debug|Any CPU
		{71CA52B6-FF58-4A0E-91AD-3F74E0E86124}.Debug|Any CPU.Build.0 = Debug|Any CPU
		{71CA52B6-FF58-4A0E-91AD-3F74E0E86124}.Release|Any CPU.ActiveCfg = Release|Any CPU
		{71CA52B6-FF58-4A0E-91AD-3F74E0E86124}.Release|Any CPU.Build.0 = Release|Any CPU
		{54A7C0ED-3D37-4603-8383-D0EA43BEBC84}.Debug|Any CPU.ActiveCfg = Debug|Any CPU
		{54A7C0ED-3D37-4603-8383-D0EA43BEBC84}.Debug|Any CPU.Build.0 = Debug|Any CPU
		{54A7C0ED-3D37-4603-8383-D0EA43BEBC84}.Release|Any CPU.ActiveCfg = Release|Any CPU
		{54A7C0ED-3D37-4603-8383-D0EA43BEBC84}.Release|Any CPU.Build.0 = Release|Any CPU
		{281F8C82-BE0C-4301-A3D5-EC18F8F26EDD}.Debug|Any CPU.ActiveCfg = Debug|Any CPU
		{281F8C82-BE0C-4301-A3D5-EC18F8F26EDD}.Debug|Any CPU.Build.0 = Debug|Any CPU
		{281F8C82-BE0C-4301-A3D5-EC18F8F26EDD}.Release|Any CPU.ActiveCfg = Release|Any CPU
		{281F8C82-BE0C-4301-A3D5-EC18F8F26EDD}.Release|Any CPU.Build.0 = Release|Any CPU
		{F5C8F1BF-4F48-475A-AC1D-1A4E947CD46E}.Debug|Any CPU.ActiveCfg = Debug|Any CPU
		{F5C8F1BF-4F48-475A-AC1D-1A4E947CD46E}.Debug|Any CPU.Build.0 = Debug|Any CPU
		{F5C8F1BF-4F48-475A-AC1D-1A4E947CD46E}.Release|Any CPU.ActiveCfg = Release|Any CPU
		{F5C8F1BF-4F48-475A-AC1D-1A4E947CD46E}.Release|Any CPU.Build.0 = Release|Any CPU
		{2B231542-F5A9-4FC5-85F0-45A17D9ADF59}.Debug|Any CPU.ActiveCfg = Debug|Any CPU
		{2B231542-F5A9-4FC5-85F0-45A17D9ADF59}.Debug|Any CPU.Build.0 = Debug|Any CPU
		{2B231542-F5A9-4FC5-85F0-45A17D9ADF59}.Release|Any CPU.ActiveCfg = Release|Any CPU
		{2B231542-F5A9-4FC5-85F0-45A17D9ADF59}.Release|Any CPU.Build.0 = Release|Any CPU
		{8F0221B6-B18B-41C3-9BFC-4B5FC27D6DB3}.Debug|Any CPU.ActiveCfg = Debug|Any CPU
		{8F0221B6-B18B-41C3-9BFC-4B5FC27D6DB3}.Debug|Any CPU.Build.0 = Debug|Any CPU
		{8F0221B6-B18B-41C3-9BFC-4B5FC27D6DB3}.Release|Any CPU.ActiveCfg = Release|Any CPU
		{8F0221B6-B18B-41C3-9BFC-4B5FC27D6DB3}.Release|Any CPU.Build.0 = Release|Any CPU
		{EF0821E4-FB33-44CF-BDC8-79DD1C8850F2}.Debug|Any CPU.ActiveCfg = Debug|Any CPU
		{EF0821E4-FB33-44CF-BDC8-79DD1C8850F2}.Debug|Any CPU.Build.0 = Debug|Any CPU
		{EF0821E4-FB33-44CF-BDC8-79DD1C8850F2}.Release|Any CPU.ActiveCfg = Release|Any CPU
		{EF0821E4-FB33-44CF-BDC8-79DD1C8850F2}.Release|Any CPU.Build.0 = Release|Any CPU
		{0ED57E2B-5CAB-4E73-A4CD-AB6BDF195DEB}.Debug|Any CPU.ActiveCfg = Debug|Any CPU
		{0ED57E2B-5CAB-4E73-A4CD-AB6BDF195DEB}.Debug|Any CPU.Build.0 = Debug|Any CPU
		{0ED57E2B-5CAB-4E73-A4CD-AB6BDF195DEB}.Release|Any CPU.ActiveCfg = Release|Any CPU
		{0ED57E2B-5CAB-4E73-A4CD-AB6BDF195DEB}.Release|Any CPU.Build.0 = Release|Any CPU
		{72452773-91A9-45D8-AFE0-5A3F60E690FC}.Debug|Any CPU.ActiveCfg = Debug|Any CPU
		{72452773-91A9-45D8-AFE0-5A3F60E690FC}.Debug|Any CPU.Build.0 = Debug|Any CPU
		{72452773-91A9-45D8-AFE0-5A3F60E690FC}.Release|Any CPU.ActiveCfg = Release|Any CPU
		{72452773-91A9-45D8-AFE0-5A3F60E690FC}.Release|Any CPU.Build.0 = Release|Any CPU
		{21E6EFED-6C08-4FE6-838A-248CBBD9E279}.Debug|Any CPU.ActiveCfg = Debug|Any CPU
		{21E6EFED-6C08-4FE6-838A-248CBBD9E279}.Debug|Any CPU.Build.0 = Debug|Any CPU
		{21E6EFED-6C08-4FE6-838A-248CBBD9E279}.Release|Any CPU.ActiveCfg = Release|Any CPU
		{21E6EFED-6C08-4FE6-838A-248CBBD9E279}.Release|Any CPU.Build.0 = Release|Any CPU
		{A811ED5E-93E1-4291-9009-0D9F67FCDD07}.Debug|Any CPU.ActiveCfg = Debug|Any CPU
		{A811ED5E-93E1-4291-9009-0D9F67FCDD07}.Debug|Any CPU.Build.0 = Debug|Any CPU
		{A811ED5E-93E1-4291-9009-0D9F67FCDD07}.Release|Any CPU.ActiveCfg = Release|Any CPU
		{A811ED5E-93E1-4291-9009-0D9F67FCDD07}.Release|Any CPU.Build.0 = Release|Any CPU
		{912DEC9A-3266-4F6D-9857-290C19183747}.Debug|Any CPU.ActiveCfg = Debug|Any CPU
		{912DEC9A-3266-4F6D-9857-290C19183747}.Debug|Any CPU.Build.0 = Debug|Any CPU
		{912DEC9A-3266-4F6D-9857-290C19183747}.Release|Any CPU.ActiveCfg = Release|Any CPU
		{912DEC9A-3266-4F6D-9857-290C19183747}.Release|Any CPU.Build.0 = Release|Any CPU
	EndGlobalSection
	GlobalSection(SolutionProperties) = preSolution
		HideSolutionNode = FALSE
	EndGlobalSection
	GlobalSection(ExtensibilityGlobals) = postSolution
		SolutionGuid = {E39210E5-EF56-4E3B-BE4A-B383ED5981E3}
	EndGlobalSection
EndGlobal
