
Microsoft Visual Studio Solution File, Format Version 12.00
# Visual Studio 15
VisualStudioVersion = 15.0.27130.2027
MinimumVisualStudioVersion = 10.0.40219.1
Project("{FAE04EC0-301F-11D3-BF4B-00C04F79EFBC}") = "01-Bakery", "01-Bakery\01-Bakery.csproj", "{CA2D0FFF-1561-4686-9C89-CC31DB7E5728}"
EndProject
Project("{FAE04EC0-301F-11D3-BF4B-00C04F79EFBC}") = "01-Sandbox", "01-Sandbox\01-Sandbox.csproj", "{58E27966-8BC9-400C-9DB4-221ADF8F81CA}"
EndProject
Project("{FAE04EC0-301F-11D3-BF4B-00C04F79EFBC}") = "02-Airplane", "02-Airplane\02-Airplane.csproj", "{7F864667-6CE2-4021-9D29-D2160FAC1632}"
EndProject
Project("{FAE04EC0-301F-11D3-BF4B-00C04F79EFBC}") = "02-FriendlyTrip", "02-FriendlyTrip\02-FriendlyTrip.csproj", "{C88D90E9-BBC0-446A-87BF-8015C35DAE00}"
EndProject
Project("{FAE04EC0-301F-11D3-BF4B-00C04F79EFBC}") = "03-Aquapark", "03-Aquapark\03-Aquapark.csproj", "{5CDE7DD2-8C7B-4F4C-85AE-D098CA6228EE}"
EndProject
Project("{FAE04EC0-301F-11D3-BF4B-00C04F79EFBC}") = "03-Triangle", "03-Triangle\03-Triangle.csproj", "{AAB6A412-C3A3-470E-BEB2-8F5FA946CDEA}"
EndProject
Project("{FAE04EC0-301F-11D3-BF4B-00C04F79EFBC}") = "04-Rate", "04-Rate\04-Rate.csproj", "{628B670C-E5E3-432E-AE36-439B96268536}"
EndProject
Project("{FAE04EC0-301F-11D3-BF4B-00C04F79EFBC}") = "04-Salary", "04-Salary\04-Salary.csproj", "{353980FA-740B-4848-B71D-6C231EAEBC42}"
EndProject
Project("{FAE04EC0-301F-11D3-BF4B-00C04F79EFBC}") = "05-Butterfly", "05-Butterfly\05-Butterfly.csproj", "{4473EDC2-BD0A-4395-90B9-DEA720594101}"
EndProject
Project("{FAE04EC0-301F-11D3-BF4B-00C04F79EFBC}") = "05-Ladybird", "05-Ladybird\05-Ladybird.csproj", "{6A2364E2-AC51-44E5-9C5F-E0E4A58916A1}"
EndProject
Project("{FAE04EC0-301F-11D3-BF4B-00C04F79EFBC}") = "06-Coins", "06-Coins\06-Coins.csproj", "{82B3E7EE-4B43-41BB-9072-9E82C26F9590}"
EndProject
Project("{FAE04EC0-301F-11D3-BF4B-00C04F79EFBC}") = "06-JuiceDiet", "06-JuiceDiet\06-JuiceDiet.csproj", "{4416CF25-E4F8-4B85-8F27-43A167C7717F}"
EndProject
Global
	GlobalSection(SolutionConfigurationPlatforms) = preSolution
		Debug|Any CPU = Debug|Any CPU
		Release|Any CPU = Release|Any CPU
	EndGlobalSection
	GlobalSection(ProjectConfigurationPlatforms) = postSolution
		{CA2D0FFF-1561-4686-9C89-CC31DB7E5728}.Debug|Any CPU.ActiveCfg = Debug|Any CPU
		{CA2D0FFF-1561-4686-9C89-CC31DB7E5728}.Debug|Any CPU.Build.0 = Debug|Any CPU
		{CA2D0FFF-1561-4686-9C89-CC31DB7E5728}.Release|Any CPU.ActiveCfg = Release|Any CPU
		{CA2D0FFF-1561-4686-9C89-CC31DB7E5728}.Release|Any CPU.Build.0 = Release|Any CPU
		{58E27966-8BC9-400C-9DB4-221ADF8F81CA}.Debug|Any CPU.ActiveCfg = Debug|Any CPU
		{58E27966-8BC9-400C-9DB4-221ADF8F81CA}.Debug|Any CPU.Build.0 = Debug|Any CPU
		{58E27966-8BC9-400C-9DB4-221ADF8F81CA}.Release|Any CPU.ActiveCfg = Release|Any CPU
		{58E27966-8BC9-400C-9DB4-221ADF8F81CA}.Release|Any CPU.Build.0 = Release|Any CPU
		{7F864667-6CE2-4021-9D29-D2160FAC1632}.Debug|Any CPU.ActiveCfg = Debug|Any CPU
		{7F864667-6CE2-4021-9D29-D2160FAC1632}.Debug|Any CPU.Build.0 = Debug|Any CPU
		{7F864667-6CE2-4021-9D29-D2160FAC1632}.Release|Any CPU.ActiveCfg = Release|Any CPU
		{7F864667-6CE2-4021-9D29-D2160FAC1632}.Release|Any CPU.Build.0 = Release|Any CPU
		{C88D90E9-BBC0-446A-87BF-8015C35DAE00}.Debug|Any CPU.ActiveCfg = Debug|Any CPU
		{C88D90E9-BBC0-446A-87BF-8015C35DAE00}.Debug|Any CPU.Build.0 = Debug|Any CPU
		{C88D90E9-BBC0-446A-87BF-8015C35DAE00}.Release|Any CPU.ActiveCfg = Release|Any CPU
		{C88D90E9-BBC0-446A-87BF-8015C35DAE00}.Release|Any CPU.Build.0 = Release|Any CPU
		{5CDE7DD2-8C7B-4F4C-85AE-D098CA6228EE}.Debug|Any CPU.ActiveCfg = Debug|Any CPU
		{5CDE7DD2-8C7B-4F4C-85AE-D098CA6228EE}.Debug|Any CPU.Build.0 = Debug|Any CPU
		{5CDE7DD2-8C7B-4F4C-85AE-D098CA6228EE}.Release|Any CPU.ActiveCfg = Release|Any CPU
		{5CDE7DD2-8C7B-4F4C-85AE-D098CA6228EE}.Release|Any CPU.Build.0 = Release|Any CPU
		{AAB6A412-C3A3-470E-BEB2-8F5FA946CDEA}.Debug|Any CPU.ActiveCfg = Debug|Any CPU
		{AAB6A412-C3A3-470E-BEB2-8F5FA946CDEA}.Debug|Any CPU.Build.0 = Debug|Any CPU
		{AAB6A412-C3A3-470E-BEB2-8F5FA946CDEA}.Release|Any CPU.ActiveCfg = Release|Any CPU
		{AAB6A412-C3A3-470E-BEB2-8F5FA946CDEA}.Release|Any CPU.Build.0 = Release|Any CPU
		{628B670C-E5E3-432E-AE36-439B96268536}.Debug|Any CPU.ActiveCfg = Debug|Any CPU
		{628B670C-E5E3-432E-AE36-439B96268536}.Debug|Any CPU.Build.0 = Debug|Any CPU
		{628B670C-E5E3-432E-AE36-439B96268536}.Release|Any CPU.ActiveCfg = Release|Any CPU
		{628B670C-E5E3-432E-AE36-439B96268536}.Release|Any CPU.Build.0 = Release|Any CPU
		{353980FA-740B-4848-B71D-6C231EAEBC42}.Debug|Any CPU.ActiveCfg = Debug|Any CPU
		{353980FA-740B-4848-B71D-6C231EAEBC42}.Debug|Any CPU.Build.0 = Debug|Any CPU
		{353980FA-740B-4848-B71D-6C231EAEBC42}.Release|Any CPU.ActiveCfg = Release|Any CPU
		{353980FA-740B-4848-B71D-6C231EAEBC42}.Release|Any CPU.Build.0 = Release|Any CPU
		{4473EDC2-BD0A-4395-90B9-DEA720594101}.Debug|Any CPU.ActiveCfg = Debug|Any CPU
		{4473EDC2-BD0A-4395-90B9-DEA720594101}.Debug|Any CPU.Build.0 = Debug|Any CPU
		{4473EDC2-BD0A-4395-90B9-DEA720594101}.Release|Any CPU.ActiveCfg = Release|Any CPU
		{4473EDC2-BD0A-4395-90B9-DEA720594101}.Release|Any CPU.Build.0 = Release|Any CPU
		{6A2364E2-AC51-44E5-9C5F-E0E4A58916A1}.Debug|Any CPU.ActiveCfg = Debug|Any CPU
		{6A2364E2-AC51-44E5-9C5F-E0E4A58916A1}.Debug|Any CPU.Build.0 = Debug|Any CPU
		{6A2364E2-AC51-44E5-9C5F-E0E4A58916A1}.Release|Any CPU.ActiveCfg = Release|Any CPU
		{6A2364E2-AC51-44E5-9C5F-E0E4A58916A1}.Release|Any CPU.Build.0 = Release|Any CPU
		{82B3E7EE-4B43-41BB-9072-9E82C26F9590}.Debug|Any CPU.ActiveCfg = Debug|Any CPU
		{82B3E7EE-4B43-41BB-9072-9E82C26F9590}.Debug|Any CPU.Build.0 = Debug|Any CPU
		{82B3E7EE-4B43-41BB-9072-9E82C26F9590}.Release|Any CPU.ActiveCfg = Release|Any CPU
		{82B3E7EE-4B43-41BB-9072-9E82C26F9590}.Release|Any CPU.Build.0 = Release|Any CPU
		{4416CF25-E4F8-4B85-8F27-43A167C7717F}.Debug|Any CPU.ActiveCfg = Debug|Any CPU
		{4416CF25-E4F8-4B85-8F27-43A167C7717F}.Debug|Any CPU.Build.0 = Debug|Any CPU
		{4416CF25-E4F8-4B85-8F27-43A167C7717F}.Release|Any CPU.ActiveCfg = Release|Any CPU
		{4416CF25-E4F8-4B85-8F27-43A167C7717F}.Release|Any CPU.Build.0 = Release|Any CPU
	EndGlobalSection
	GlobalSection(SolutionProperties) = preSolution
		HideSolutionNode = FALSE
	EndGlobalSection
	GlobalSection(ExtensibilityGlobals) = postSolution
		SolutionGuid = {B2367452-A865-4578-B557-9387A0621B02}
	EndGlobalSection
EndGlobal
